// !$*UTF8*$!
{
	archiveVersion = 1;
	classes = {
	};
	objectVersion = 46;
	objects = {

/* Begin PBXBuildFile section */
		5289853E197A1F0900BE629C /* Foundation.framework in Frameworks */ = {isa = PBXBuildFile; fileRef = 5289853D197A1F0900BE629C /* Foundation.framework */; };
		52898540197A1F0900BE629C /* CoreGraphics.framework in Frameworks */ = {isa = PBXBuildFile; fileRef = 5289853F197A1F0900BE629C /* CoreGraphics.framework */; };
		52898542197A1F0900BE629C /* UIKit.framework in Frameworks */ = {isa = PBXBuildFile; fileRef = 52898541197A1F0900BE629C /* UIKit.framework */; };
		52898548197A1F0900BE629C /* InfoPlist.strings in Resources */ = {isa = PBXBuildFile; fileRef = 52898546197A1F0900BE629C /* InfoPlist.strings */; };
		5289854A197A1F0900BE629C /* main.m in Sources */ = {isa = PBXBuildFile; fileRef = 52898549197A1F0900BE629C /* main.m */; };
		5289854E197A1F0900BE629C /* AppDelegate.m in Sources */ = {isa = PBXBuildFile; fileRef = 5289854D197A1F0900BE629C /* AppDelegate.m */; };
		52898550197A1F0900BE629C /* Images.xcassets in Resources */ = {isa = PBXBuildFile; fileRef = 5289854F197A1F0900BE629C /* Images.xcassets */; };
		52898557197A1F0900BE629C /* XCTest.framework in Frameworks */ = {isa = PBXBuildFile; fileRef = 52898556197A1F0900BE629C /* XCTest.framework */; };
		52898558197A1F0900BE629C /* Foundation.framework in Frameworks */ = {isa = PBXBuildFile; fileRef = 5289853D197A1F0900BE629C /* Foundation.framework */; };
		52898559197A1F0900BE629C /* UIKit.framework in Frameworks */ = {isa = PBXBuildFile; fileRef = 52898541197A1F0900BE629C /* UIKit.framework */; };
		52898561197A1F0900BE629C /* InfoPlist.strings in Resources */ = {isa = PBXBuildFile; fileRef = 5289855F197A1F0900BE629C /* InfoPlist.strings */; };
		52898563197A1F0900BE629C /* DogefaceTests.m in Sources */ = {isa = PBXBuildFile; fileRef = 52898562197A1F0900BE629C /* DogefaceTests.m */; };
/* End PBXBuildFile section */

/* Begin PBXContainerItemProxy section */
		5289855A197A1F0900BE629C /* PBXContainerItemProxy */ = {
			isa = PBXContainerItemProxy;
			containerPortal = 52898532197A1F0900BE629C /* Project object */;
			proxyType = 1;
			remoteGlobalIDString = 52898539197A1F0900BE629C;
			remoteInfo = Dogeface;
		};
/* End PBXContainerItemProxy section */

/* Begin PBXFileReference section */
		5289853A197A1F0900BE629C /* Dogeface.app */ = {isa = PBXFileReference; explicitFileType = wrapper.application; includeInIndex = 0; path = Dogeface.app; sourceTree = BUILT_PRODUCTS_DIR; };
		5289853D197A1F0900BE629C /* Foundation.framework */ = {isa = PBXFileReference; lastKnownFileType = wrapper.framework; name = Foundation.framework; path = System/Library/Frameworks/Foundation.framework; sourceTree = SDKROOT; };
		5289853F197A1F0900BE629C /* CoreGraphics.framework */ = {isa = PBXFileReference; lastKnownFileType = wrapper.framework; name = CoreGraphics.framework; path = System/Library/Frameworks/CoreGraphics.framework; sourceTree = SDKROOT; };
		52898541197A1F0900BE629C /* UIKit.framework */ = {isa = PBXFileReference; lastKnownFileType = wrapper.framework; name = UIKit.framework; path = System/Library/Frameworks/UIKit.framework; sourceTree = SDKROOT; };
		52898545197A1F0900BE629C /* Dogeface-Info.plist */ = {isa = PBXFileReference; lastKnownFileType = text.plist.xml; path = "Dogeface-Info.plist"; sourceTree = "<group>"; };
		52898547197A1F0900BE629C /* en */ = {isa = PBXFileReference; lastKnownFileType = text.plist.strings; name = en; path = en.lproj/InfoPlist.strings; sourceTree = "<group>"; };
		52898549197A1F0900BE629C /* main.m */ = {isa = PBXFileReference; lastKnownFileType = sourcecode.c.objc; path = main.m; sourceTree = "<group>"; };
		5289854B197A1F0900BE629C /* Dogeface-Prefix.pch */ = {isa = PBXFileReference; lastKnownFileType = sourcecode.c.h; path = "Dogeface-Prefix.pch"; sourceTree = "<group>"; };
		5289854C197A1F0900BE629C /* AppDelegate.h */ = {isa = PBXFileReference; lastKnownFileType = sourcecode.c.h; path = AppDelegate.h; sourceTree = "<group>"; };
		5289854D197A1F0900BE629C /* AppDelegate.m */ = {isa = PBXFileReference; lastKnownFileType = sourcecode.c.objc; path = AppDelegate.m; sourceTree = "<group>"; };
		5289854F197A1F0900BE629C /* Images.xcassets */ = {isa = PBXFileReference; lastKnownFileType = folder.assetcatalog; path = Images.xcassets; sourceTree = "<group>"; };
		52898555197A1F0900BE629C /* DogefaceTests.xctest */ = {isa = PBXFileReference; explicitFileType = wrapper.cfbundle; includeInIndex = 0; path = DogefaceTests.xctest; sourceTree = BUILT_PRODUCTS_DIR; };
		52898556197A1F0900BE629C /* XCTest.framework */ = {isa = PBXFileReference; lastKnownFileType = wrapper.framework; name = XCTest.framework; path = Library/Frameworks/XCTest.framework; sourceTree = DEVELOPER_DIR; };
		5289855E197A1F0900BE629C /* DogefaceTests-Info.plist */ = {isa = PBXFileReference; lastKnownFileType = text.plist.xml; path = "DogefaceTests-Info.plist"; sourceTree = "<group>"; };
		52898560197A1F0900BE629C /* en */ = {isa = PBXFileReference; lastKnownFileType = text.plist.strings; name = en; path = en.lproj/InfoPlist.strings; sourceTree = "<group>"; };
		52898562197A1F0900BE629C /* DogefaceTests.m */ = {isa = PBXFileReference; lastKnownFileType = sourcecode.c.objc; path = DogefaceTests.m; sourceTree = "<group>"; };
/* End PBXFileReference section */

/* Begin PBXFrameworksBuildPhase section */
		52898537197A1F0900BE629C /* Frameworks */ = {
			isa = PBXFrameworksBuildPhase;
			buildActionMask = 2147483647;
			files = (
				52898540197A1F0900BE629C /* CoreGraphics.framework in Frameworks */,
				52898542197A1F0900BE629C /* UIKit.framework in Frameworks */,
				5289853E197A1F0900BE629C /* Foundation.framework in Frameworks */,
			);
			runOnlyForDeploymentPostprocessing = 0;
		};
		52898552197A1F0900BE629C /* Frameworks */ = {
			isa = PBXFrameworksBuildPhase;
			buildActionMask = 2147483647;
			files = (
				52898557197A1F0900BE629C /* XCTest.framework in Frameworks */,
				52898559197A1F0900BE629C /* UIKit.framework in Frameworks */,
				52898558197A1F0900BE629C /* Foundation.framework in Frameworks */,
			);
			runOnlyForDeploymentPostprocessing = 0;
		};
/* End PBXFrameworksBuildPhase section */

/* Begin PBXGroup section */
		52898531197A1F0900BE629C = {
			isa = PBXGroup;
			children = (
				52898543197A1F0900BE629C /* Dogeface */,
				5289855C197A1F0900BE629C /* DogefaceTests */,
				5289853C197A1F0900BE629C /* Frameworks */,
				5289853B197A1F0900BE629C /* Products */,
			);
			sourceTree = "<group>";
		};
		5289853B197A1F0900BE629C /* Products */ = {
			isa = PBXGroup;
			children = (
				5289853A197A1F0900BE629C /* Dogeface.app */,
				52898555197A1F0900BE629C /* DogefaceTests.xctest */,
			);
			name = Products;
			sourceTree = "<group>";
		};
		5289853C197A1F0900BE629C /* Frameworks */ = {
			isa = PBXGroup;
			children = (
				5289853D197A1F0900BE629C /* Foundation.framework */,
				5289853F197A1F0900BE629C /* CoreGraphics.framework */,
				52898541197A1F0900BE629C /* UIKit.framework */,
				52898556197A1F0900BE629C /* XCTest.framework */,
			);
			name = Frameworks;
			sourceTree = "<group>";
		};
		52898543197A1F0900BE629C /* Dogeface */ = {
			isa = PBXGroup;
			children = (
				5289854C197A1F0900BE629C /* AppDelegate.h */,
				5289854D197A1F0900BE629C /* AppDelegate.m */,
				5289854F197A1F0900BE629C /* Images.xcassets */,
				52898544197A1F0900BE629C /* Supporting Files */,
			);
			path = Dogeface;
			sourceTree = "<group>";
		};
		52898544197A1F0900BE629C /* Supporting Files */ = {
			isa = PBXGroup;
			children = (
				52898545197A1F0900BE629C /* Dogeface-Info.plist */,
				52898546197A1F0900BE629C /* InfoPlist.strings */,
				52898549197A1F0900BE629C /* main.m */,
				5289854B197A1F0900BE629C /* Dogeface-Prefix.pch */,
			);
			name = "Supporting Files";
			sourceTree = "<group>";
		};
		5289855C197A1F0900BE629C /* DogefaceTests */ = {
			isa = PBXGroup;
			children = (
				52898562197A1F0900BE629C /* DogefaceTests.m */,
				5289855D197A1F0900BE629C /* Supporting Files */,
			);
			path = DogefaceTests;
			sourceTree = "<group>";
		};
		5289855D197A1F0900BE629C /* Supporting Files */ = {
			isa = PBXGroup;
			children = (
				5289855E197A1F0900BE629C /* DogefaceTests-Info.plist */,
				5289855F197A1F0900BE629C /* InfoPlist.strings */,
			);
			name = "Supporting Files";
			sourceTree = "<group>";
		};
/* End PBXGroup section */

/* Begin PBXNativeTarget section */
		52898539197A1F0900BE629C /* Dogeface */ = {
			isa = PBXNativeTarget;
			buildConfigurationList = 52898566197A1F0900BE629C /* Build configuration list for PBXNativeTarget "Dogeface" */;
			buildPhases = (
				52898536197A1F0900BE629C /* Sources */,
				52898537197A1F0900BE629C /* Frameworks */,
				52898538197A1F0900BE629C /* Resources */,
			);
			buildRules = (
			);
			dependencies = (
			);
			name = Dogeface;
			productName = Dogeface;
			productReference = 5289853A197A1F0900BE629C /* Dogeface.app */;
			productType = "com.apple.product-type.application";
		};
		52898554197A1F0900BE629C /* DogefaceTests */ = {
			isa = PBXNativeTarget;
			buildConfigurationList = 52898569197A1F0900BE629C /* Build configuration list for PBXNativeTarget "DogefaceTests" */;
			buildPhases = (
				52898551197A1F0900BE629C /* Sources */,
				52898552197A1F0900BE629C /* Frameworks */,
				52898553197A1F0900BE629C /* Resources */,
			);
			buildRules = (
			);
			dependencies = (
				5289855B197A1F0900BE629C /* PBXTargetDependency */,
			);
			name = DogefaceTests;
			productName = DogefaceTests;
			productReference = 52898555197A1F0900BE629C /* DogefaceTests.xctest */;
			productType = "com.apple.product-type.bundle.unit-test";
		};
/* End PBXNativeTarget section */

/* Begin PBXProject section */
		52898532197A1F0900BE629C /* Project object */ = {
			isa = PBXProject;
			attributes = {
				LastUpgradeCheck = 0510;
				ORGANIZATIONNAME = "Gwen Brinsmead";
				TargetAttributes = {
					52898554197A1F0900BE629C = {
						TestTargetID = 52898539197A1F0900BE629C;
					};
				};
			};
			buildConfigurationList = 52898535197A1F0900BE629C /* Build configuration list for PBXProject "Dogeface" */;
			compatibilityVersion = "Xcode 3.2";
			developmentRegion = English;
			hasScannedForEncodings = 0;
			knownRegions = (
				en,
			);
			mainGroup = 52898531197A1F0900BE629C;
			productRefGroup = 5289853B197A1F0900BE629C /* Products */;
			projectDirPath = "";
			projectRoot = "";
			targets = (
				52898539197A1F0900BE629C /* Dogeface */,
				52898554197A1F0900BE629C /* DogefaceTests */,
			);
		};
/* End PBXProject section */

/* Begin PBXResourcesBuildPhase section */
		52898538197A1F0900BE629C /* Resources */ = {
			isa = PBXResourcesBuildPhase;
			buildActionMask = 2147483647;
			files = (
				52898548197A1F0900BE629C /* InfoPlist.strings in Resources */,
				52898550197A1F0900BE629C /* Images.xcassets in Resources */,
			);
			runOnlyForDeploymentPostprocessing = 0;
		};
		52898553197A1F0900BE629C /* Resources */ = {
			isa = PBXResourcesBuildPhase;
			buildActionMask = 2147483647;
			files = (
				52898561197A1F0900BE629C /* InfoPlist.strings in Resources */,
			);
			runOnlyForDeploymentPostprocessing = 0;
		};
/* End PBXResourcesBuildPhase section */

/* Begin PBXSourcesBuildPhase section */
		52898536197A1F0900BE629C /* Sources */ = {
			isa = PBXSourcesBuildPhase;
			buildActionMask = 2147483647;
			files = (
				5289854E197A1F0900BE629C /* AppDelegate.m in Sources */,
				5289854A197A1F0900BE629C /* main.m in Sources */,
			);
			runOnlyForDeploymentPostprocessing = 0;
		};
		52898551197A1F0900BE629C /* Sources */ = {
			isa = PBXSourcesBuildPhase;
			buildActionMask = 2147483647;
			files = (
				52898563197A1F0900BE629C /* DogefaceTests.m in Sources */,
			);
			runOnlyForDeploymentPostprocessing = 0;
		};
/* End PBXSourcesBuildPhase section */

/* Begin PBXTargetDependency section */
		5289855B197A1F0900BE629C /* PBXTargetDependency */ = {
			isa = PBXTargetDependency;
			target = 52898539197A1F0900BE629C /* Dogeface */;
			targetProxy = 5289855A197A1F0900BE629C /* PBXContainerItemProxy */;
		};
/* End PBXTargetDependency section */

/* Begin PBXVariantGroup section */
		52898546197A1F0900BE629C /* InfoPlist.strings */ = {
			isa = PBXVariantGroup;
			children = (
				52898547197A1F0900BE629C /* en */,
			);
			name = InfoPlist.strings;
			sourceTree = "<group>";
		};
		5289855F197A1F0900BE629C /* InfoPlist.strings */ = {
			isa = PBXVariantGroup;
			children = (
				52898560197A1F0900BE629C /* en */,
			);
			name = InfoPlist.strings;
			sourceTree = "<group>";
		};
/* End PBXVariantGroup section */

/* Begin XCBuildConfiguration section */
		52898564197A1F0900BE629C /* Debug */ = {
			isa = XCBuildConfiguration;
			buildSettings = {
				ALWAYS_SEARCH_USER_PATHS = NO;
				CLANG_CXX_LANGUAGE_STANDARD = "gnu++0x";
				CLANG_CXX_LIBRARY = "libc++";
				CLANG_ENABLE_MODULES = YES;
				CLANG_ENABLE_OBJC_ARC = YES;
				CLANG_WARN_BOOL_CONVERSION = YES;
				CLANG_WARN_CONSTANT_CONVERSION = YES;
				CLANG_WARN_DIRECT_OBJC_ISA_USAGE = YES_ERROR;
				CLANG_WARN_EMPTY_BODY = YES;
				CLANG_WARN_ENUM_CONVERSION = YES;
				CLANG_WARN_INT_CONVERSION = YES;
				CLANG_WARN_OBJC_ROOT_CLASS = YES_ERROR;
				CLANG_WARN__DUPLICATE_METHOD_MATCH = YES;
				"CODE_SIGN_IDENTITY[sdk=iphoneos*]" = "iPhone Developer";
				COPY_PHASE_STRIP = NO;
				GCC_C_LANGUAGE_STANDARD = gnu99;
				GCC_DYNAMIC_NO_PIC = NO;
				GCC_OPTIMIZATION_LEVEL = 0;
				GCC_PREPROCESSOR_DEFINITIONS = (
					"DEBUG=1",
					"$(inherited)",
				);
				GCC_SYMBOLS_PRIVATE_EXTERN = NO;
				GCC_WARN_64_TO_32_BIT_CONVERSION = YES;
				GCC_WARN_ABOUT_RETURN_TYPE = YES_ERROR;
				GCC_WARN_UNDECLARED_SELECTOR = YES;
				GCC_WARN_UNINITIALIZED_AUTOS = YES_AGGRESSIVE;
				GCC_WARN_UNUSED_FUNCTION = YES;
				GCC_WARN_UNUSED_VARIABLE = YES;
				IPHONEOS_DEPLOYMENT_TARGET = 7.1;
				ONLY_ACTIVE_ARCH = YES;
				SDKROOT = iphoneos;
			};
			name = Debug;
		};
		52898565197A1F0900BE629C /* Release */ = {
			isa = XCBuildConfiguration;
			buildSettings = {
				ALWAYS_SEARCH_USER_PATHS = NO;
				CLANG_CXX_LANGUAGE_STANDARD = "gnu++0x";
				CLANG_CXX_LIBRARY = "libc++";
				CLANG_ENABLE_MODULES = YES;
				CLANG_ENABLE_OBJC_ARC = YES;
				CLANG_WARN_BOOL_CONVERSION = YES;
				CLANG_WARN_CONSTANT_CONVERSION = YES;
				CLANG_WARN_DIRECT_OBJC_ISA_USAGE = YES_ERROR;
				CLANG_WARN_EMPTY_BODY = YES;
				CLANG_WARN_ENUM_CONVERSION = YES;
				CLANG_WARN_INT_CONVERSION = YES;
				CLANG_WARN_OBJC_ROOT_CLASS = YES_ERROR;
				CLANG_WARN__DUPLICATE_METHOD_MATCH = YES;
				"CODE_SIGN_IDENTITY[sdk=iphoneos*]" = "iPhone Developer";
				COPY_PHASE_STRIP = YES;
				ENABLE_NS_ASSERTIONS = NO;
				GCC_C_LANGUAGE_STANDARD = gnu99;
				GCC_WARN_64_TO_32_BIT_CONVERSION = YES;
				GCC_WARN_ABOUT_RETURN_TYPE = YES_ERROR;
				GCC_WARN_UNDECLARED_SELECTOR = YES;
				GCC_WARN_UNINITIALIZED_AUTOS = YES_AGGRESSIVE;
				GCC_WARN_UNUSED_FUNCTION = YES;
				GCC_WARN_UNUSED_VARIABLE = YES;
				IPHONEOS_DEPLOYMENT_TARGET = 7.1;
				SDKROOT = iphoneos;
				VALIDATE_PRODUCT = YES;
			};
			name = Release;
		};
		52898567197A1F0900BE629C /* Debug */ = {
			isa = XCBuildConfiguration;
			buildSettings = {
				ASSETCATALOG_COMPILER_APPICON_NAME = AppIcon;
				ASSETCATALOG_COMPILER_LAUNCHIMAGE_NAME = LaunchImage;
				GCC_PRECOMPILE_PREFIX_HEADER = YES;
				GCC_PREFIX_HEADER = "Dogeface/Dogeface-Prefix.pch";
				INFOPLIST_FILE = "Dogeface/Dogeface-Info.plist";
				PRODUCT_NAME = "$(TARGET_NAME)";
				WRAPPER_EXTENSION = app;
			};
			name = Debug;
		};
		52898568197A1F0900BE629C /* Release */ = {
			isa = XCBuildConfiguration;
			buildSettings = {
				ASSETCATALOG_COMPILER_APPICON_NAME = AppIcon;
				ASSETCATALOG_COMPILER_LAUNCHIMAGE_NAME = LaunchImage;
				GCC_PRECOMPILE_PREFIX_HEADER = YES;
				GCC_PREFIX_HEADER = "Dogeface/Dogeface-Prefix.pch";
				INFOPLIST_FILE = "Dogeface/Dogeface-Info.plist";
				PRODUCT_NAME = "$(TARGET_NAME)";
				WRAPPER_EXTENSION = app;
			};
			name = Release;
		};
		5289856A197A1F0900BE629C /* Debug */ = {
			isa = XCBuildConfiguration;
			buildSettings = {
				BUNDLE_LOADER = "$(BUILT_PRODUCTS_DIR)/Dogeface.app/Dogeface";
				FRAMEWORK_SEARCH_PATHS = (
					"$(SDKROOT)/Developer/Library/Frameworks",
					"$(inherited)",
					"$(DEVELOPER_FRAMEWORKS_DIR)",
				);
				GCC_PRECOMPILE_PREFIX_HEADER = YES;
				GCC_PREFIX_HEADER = "Dogeface/Dogeface-Prefix.pch";
				GCC_PREPROCESSOR_DEFINITIONS = (
					"DEBUG=1",
					"$(inherited)",
				);
				INFOPLIST_FILE = "DogefaceTests/DogefaceTests-Info.plist";
				PRODUCT_NAME = "$(TARGET_NAME)";
				TEST_HOST = "$(BUNDLE_LOADER)";
				WRAPPER_EXTENSION = xctest;
			};
			name = Debug;
		};
		5289856B197A1F0900BE629C /* Release */ = {
			isa = XCBuildConfiguration;
			buildSettings = {
				BUNDLE_LOADER = "$(BUILT_PRODUCTS_DIR)/Dogeface.app/Dogeface";
				FRAMEWORK_SEARCH_PATHS = (
					"$(SDKROOT)/Developer/Library/Frameworks",
					"$(inherited)",
					"$(DEVELOPER_FRAMEWORKS_DIR)",
				);
				GCC_PRECOMPILE_PREFIX_HEADER = YES;
				GCC_PREFIX_HEADER = "Dogeface/Dogeface-Prefix.pch";
				INFOPLIST_FILE = "DogefaceTests/DogefaceTests-Info.plist";
				PRODUCT_NAME = "$(TARGET_NAME)";
				TEST_HOST = "$(BUNDLE_LOADER)";
				WRAPPER_EXTENSION = xctest;
			};
			name = Release;
		};
/* End XCBuildConfiguration section */

/* Begin XCConfigurationList section */
		52898535197A1F0900BE629C /* Build configuration list for PBXProject "Dogeface" */ = {
			isa = XCConfigurationList;
			buildConfigurations = (
				52898564197A1F0900BE629C /* Debug */,
				52898565197A1F0900BE629C /* Release */,
			);
			defaultConfigurationIsVisible = 0;
			defaultConfigurationName = Release;
		};
		52898566197A1F0900BE629C /* Build configuration list for PBXNativeTarget "Dogeface" */ = {
			isa = XCConfigurationList;
			buildConfigurations = (
				52898567197A1F0900BE629C /* Debug */,
				52898568197A1F0900BE629C /* Release */,
			);
			defaultConfigurationIsVisible = 0;
		};
		52898569197A1F0900BE629C /* Build configuration list for PBXNativeTarget "DogefaceTests" */ = {
			isa = XCConfigurationList;
			buildConfigurations = (
				5289856A197A1F0900BE629C /* Debug */,
				5289856B197A1F0900BE629C /* Release */,
			);
			defaultConfigurationIsVisible = 0;
		};
/* End XCConfigurationList section */
	};
	rootObject = 52898532197A1F0900BE629C /* Project object */;
}
